
Microsoft Visual Studio Solution File, Format Version 12.00
# Visual Studio Version 16
VisualStudioVersion = 16.0.30002.166
MinimumVisualStudioVersion = 10.0.40219.1
Project("{FAE04EC0-301F-11D3-BF4B-00C04F79EFBC}") = "DTFDemoWorker", "DTFDemo\DTFDemoWorker.csproj", "{84CB9392-2891-458D-852B-228B97B4B190}"
EndProject
Project("{FAE04EC0-301F-11D3-BF4B-00C04F79EFBC}") = "DTFCLient", "DTFCLient\DTFCLient.csproj", "{9F9448A2-9DFD-449F-92F6-5605D8EB1CE9}"
EndProject
Project("{9A19103F-16F7-4668-BE54-9A1E7A4F7556}") = "Domains", "Domains\Domains.csproj", "{DBDD5ACB-1C23-4D88-84D0-81D3EE34E420}"
EndProject
Project("{9A19103F-16F7-4668-BE54-9A1E7A4F7556}") = "DurableTask.Core", "..\durabletask\src\DurableTask.Core\DurableTask.Core.csproj", "{99A5BAB4-D6F9-4F88-8DFB-5FA6FB96A0B5}"
EndProject
Project("{9A19103F-16F7-4668-BE54-9A1E7A4F7556}") = "DurableTask.ServiceBus", "..\durabletask\src\DurableTask.ServiceBus\DurableTask.ServiceBus.csproj", "{35A88501-4ABA-4D53-95AA-1686D94BACFE}"
EndProject
Project("{9A19103F-16F7-4668-BE54-9A1E7A4F7556}") = "DurableTask.AzureStorage", "..\durabletask\src\DurableTask.AzureStorage\DurableTask.AzureStorage.csproj", "{5943FC0C-9E1A-41AA-9612-B6A55FD18ED1}"
EndProject
Global
	GlobalSection(SolutionConfigurationPlatforms) = preSolution
		Debug|Any CPU = Debug|Any CPU
		Release|Any CPU = Release|Any CPU
	EndGlobalSection
	GlobalSection(ProjectConfigurationPlatforms) = postSolution
		{84CB9392-2891-458D-852B-228B97B4B190}.Debug|Any CPU.ActiveCfg = Debug|Any CPU
		{84CB9392-2891-458D-852B-228B97B4B190}.Debug|Any CPU.Build.0 = Debug|Any CPU
		{84CB9392-2891-458D-852B-228B97B4B190}.Release|Any CPU.ActiveCfg = Release|Any CPU
		{84CB9392-2891-458D-852B-228B97B4B190}.Release|Any CPU.Build.0 = Release|Any CPU
		{9F9448A2-9DFD-449F-92F6-5605D8EB1CE9}.Debug|Any CPU.ActiveCfg = Debug|Any CPU
		{9F9448A2-9DFD-449F-92F6-5605D8EB1CE9}.Debug|Any CPU.Build.0 = Debug|Any CPU
		{9F9448A2-9DFD-449F-92F6-5605D8EB1CE9}.Release|Any CPU.ActiveCfg = Release|Any CPU
		{9F9448A2-9DFD-449F-92F6-5605D8EB1CE9}.Release|Any CPU.Build.0 = Release|Any CPU
		{DBDD5ACB-1C23-4D88-84D0-81D3EE34E420}.Debug|Any CPU.ActiveCfg = Debug|Any CPU
		{DBDD5ACB-1C23-4D88-84D0-81D3EE34E420}.Debug|Any CPU.Build.0 = Debug|Any CPU
		{DBDD5ACB-1C23-4D88-84D0-81D3EE34E420}.Release|Any CPU.ActiveCfg = Release|Any CPU
		{DBDD5ACB-1C23-4D88-84D0-81D3EE34E420}.Release|Any CPU.Build.0 = Release|Any CPU
		{99A5BAB4-D6F9-4F88-8DFB-5FA6FB96A0B5}.Debug|Any CPU.ActiveCfg = Debug|Any CPU
		{99A5BAB4-D6F9-4F88-8DFB-5FA6FB96A0B5}.Debug|Any CPU.Build.0 = Debug|Any CPU
		{99A5BAB4-D6F9-4F88-8DFB-5FA6FB96A0B5}.Release|Any CPU.ActiveCfg = Release|Any CPU
		{99A5BAB4-D6F9-4F88-8DFB-5FA6FB96A0B5}.Release|Any CPU.Build.0 = Release|Any CPU
		{35A88501-4ABA-4D53-95AA-1686D94BACFE}.Debug|Any CPU.ActiveCfg = Debug|Any CPU
		{35A88501-4ABA-4D53-95AA-1686D94BACFE}.Debug|Any CPU.Build.0 = Debug|Any CPU
		{35A88501-4ABA-4D53-95AA-1686D94BACFE}.Release|Any CPU.ActiveCfg = Release|Any CPU
		{35A88501-4ABA-4D53-95AA-1686D94BACFE}.Release|Any CPU.Build.0 = Release|Any CPU
		{5943FC0C-9E1A-41AA-9612-B6A55FD18ED1}.Debug|Any CPU.ActiveCfg = Debug|Any CPU
		{5943FC0C-9E1A-41AA-9612-B6A55FD18ED1}.Debug|Any CPU.Build.0 = Debug|Any CPU
		{5943FC0C-9E1A-41AA-9612-B6A55FD18ED1}.Release|Any CPU.ActiveCfg = Release|Any CPU
		{5943FC0C-9E1A-41AA-9612-B6A55FD18ED1}.Release|Any CPU.Build.0 = Release|Any CPU
	EndGlobalSection
	GlobalSection(SolutionProperties) = preSolution
		HideSolutionNode = FALSE
	EndGlobalSection
	GlobalSection(ExtensibilityGlobals) = postSolution
		SolutionGuid = {0537807B-B4D3-4FA4-AA40-D20B74F5691A}
	EndGlobalSection
EndGlobal
